
Microsoft Visual Studio Solution File, Format Version 12.00
# Visual Studio Version 17
VisualStudioVersion = 17.0.31903.59
MinimumVisualStudioVersion = 10.0.40219.1
Project("{2150E333-8FDC-42A3-9474-1A3956D46DE8}") = "Backend", "Backend", "{1AE8ACA6-933B-BF2A-3671-3E2EAC007D16}"
EndProject
Project("{2150E333-8FDC-42A3-9474-1A3956D46DE8}") = "Services", "Services", "{3C755975-A7BD-44BC-C8F9-5B13F14529BF}"
EndProject
Project("{FAE04EC0-301F-11D3-BF4B-00C04F79EFBC}") = "OrderForge.Gateway", "src\backend\OrderForge.Gateway\OrderForge.Gateway.csproj", "{B9D12523-5363-43C9-9AAA-41027FE08EA1}"
EndProject
Project("{FAE04EC0-301F-11D3-BF4B-00C04F79EFBC}") = "OrderForge.Orders", "src\backend\OrderForge.Orders\OrderForge.Orders.csproj", "{A1CCC156-0EC4-46FA-B8DB-9C08ECE3C106}"
EndProject
Project("{FAE04EC0-301F-11D3-BF4B-00C04F79EFBC}") = "OrderForge.Inventory", "src\backend\OrderForge.Inventory\OrderForge.Inventory.csproj", "{D2FC5444-BEBD-4368-84D3-7F6AE5BEE598}"
EndProject
Project("{FAE04EC0-301F-11D3-BF4B-00C04F79EFBC}") = "OrderForge.Payments", "src\backend\OrderForge.Payments\OrderForge.Payments.csproj", "{EFB1BAD3-B636-4600-A7FA-AD0C7343A87E}"
EndProject
Project("{2150E333-8FDC-42A3-9474-1A3956D46DE8}") = "Shared", "Shared", "{B9B6650B-7025-C9C0-BCFD-BDEDF1640D80}"
EndProject
Project("{FAE04EC0-301F-11D3-BF4B-00C04F79EFBC}") = "OrderForge.Contracts", "src\backend\OrderForge.Contracts\OrderForge.Contracts.csproj", "{C527970B-A0CA-4DDA-90E6-CE2EAB4F3D48}"
EndProject
Global
	GlobalSection(SolutionConfigurationPlatforms) = preSolution
		Debug|Any CPU = Debug|Any CPU
		Debug|x64 = Debug|x64
		Debug|x86 = Debug|x86
		Release|Any CPU = Release|Any CPU
		Release|x64 = Release|x64
		Release|x86 = Release|x86
	EndGlobalSection
	GlobalSection(ProjectConfigurationPlatforms) = postSolution
		{B9D12523-5363-43C9-9AAA-41027FE08EA1}.Debug|Any CPU.ActiveCfg = Debug|Any CPU
		{B9D12523-5363-43C9-9AAA-41027FE08EA1}.Debug|Any CPU.Build.0 = Debug|Any CPU
		{B9D12523-5363-43C9-9AAA-41027FE08EA1}.Debug|x64.ActiveCfg = Debug|Any CPU
		{B9D12523-5363-43C9-9AAA-41027FE08EA1}.Debug|x64.Build.0 = Debug|Any CPU
		{B9D12523-5363-43C9-9AAA-41027FE08EA1}.Debug|x86.ActiveCfg = Debug|Any CPU
		{B9D12523-5363-43C9-9AAA-41027FE08EA1}.Debug|x86.Build.0 = Debug|Any CPU
		{B9D12523-5363-43C9-9AAA-41027FE08EA1}.Release|Any CPU.ActiveCfg = Release|Any CPU
		{B9D12523-5363-43C9-9AAA-41027FE08EA1}.Release|Any CPU.Build.0 = Release|Any CPU
		{B9D12523-5363-43C9-9AAA-41027FE08EA1}.Release|x64.ActiveCfg = Release|Any CPU
		{B9D12523-5363-43C9-9AAA-41027FE08EA1}.Release|x64.Build.0 = Release|Any CPU
		{B9D12523-5363-43C9-9AAA-41027FE08EA1}.Release|x86.ActiveCfg = Release|Any CPU
		{B9D12523-5363-43C9-9AAA-41027FE08EA1}.Release|x86.Build.0 = Release|Any CPU
		{A1CCC156-0EC4-46FA-B8DB-9C08ECE3C106}.Debug|Any CPU.ActiveCfg = Debug|Any CPU
		{A1CCC156-0EC4-46FA-B8DB-9C08ECE3C106}.Debug|Any CPU.Build.0 = Debug|Any CPU
		{A1CCC156-0EC4-46FA-B8DB-9C08ECE3C106}.Debug|x64.ActiveCfg = Debug|Any CPU
		{A1CCC156-0EC4-46FA-B8DB-9C08ECE3C106}.Debug|x64.Build.0 = Debug|Any CPU
		{A1CCC156-0EC4-46FA-B8DB-9C08ECE3C106}.Debug|x86.ActiveCfg = Debug|Any CPU
		{A1CCC156-0EC4-46FA-B8DB-9C08ECE3C106}.Debug|x86.Build.0 = Debug|Any CPU
		{A1CCC156-0EC4-46FA-B8DB-9C08ECE3C106}.Release|Any CPU.ActiveCfg = Release|Any CPU
		{A1CCC156-0EC4-46FA-B8DB-9C08ECE3C106}.Release|Any CPU.Build.0 = Release|Any CPU
		{A1CCC156-0EC4-46FA-B8DB-9C08ECE3C106}.Release|x64.ActiveCfg = Release|Any CPU
		{A1CCC156-0EC4-46FA-B8DB-9C08ECE3C106}.Release|x64.Build.0 = Release|Any CPU
		{A1CCC156-0EC4-46FA-B8DB-9C08ECE3C106}.Release|x86.ActiveCfg = Release|Any CPU
		{A1CCC156-0EC4-46FA-B8DB-9C08ECE3C106}.Release|x86.Build.0 = Release|Any CPU
		{D2FC5444-BEBD-4368-84D3-7F6AE5BEE598}.Debug|Any CPU.ActiveCfg = Debug|Any CPU
		{D2FC5444-BEBD-4368-84D3-7F6AE5BEE598}.Debug|Any CPU.Build.0 = Debug|Any CPU
		{D2FC5444-BEBD-4368-84D3-7F6AE5BEE598}.Debug|x64.ActiveCfg = Debug|Any CPU
		{D2FC5444-BEBD-4368-84D3-7F6AE5BEE598}.Debug|x64.Build.0 = Debug|Any CPU
		{D2FC5444-BEBD-4368-84D3-7F6AE5BEE598}.Debug|x86.ActiveCfg = Debug|Any CPU
		{D2FC5444-BEBD-4368-84D3-7F6AE5BEE598}.Debug|x86.Build.0 = Debug|Any CPU
		{D2FC5444-BEBD-4368-84D3-7F6AE5BEE598}.Release|Any CPU.ActiveCfg = Release|Any CPU
		{D2FC5444-BEBD-4368-84D3-7F6AE5BEE598}.Release|Any CPU.Build.0 = Release|Any CPU
		{D2FC5444-BEBD-4368-84D3-7F6AE5BEE598}.Release|x64.ActiveCfg = Release|Any CPU
		{D2FC5444-BEBD-4368-84D3-7F6AE5BEE598}.Release|x64.Build.0 = Release|Any CPU
		{D2FC5444-BEBD-4368-84D3-7F6AE5BEE598}.Release|x86.ActiveCfg = Release|Any CPU
		{D2FC5444-BEBD-4368-84D3-7F6AE5BEE598}.Release|x86.Build.0 = Release|Any CPU
		{EFB1BAD3-B636-4600-A7FA-AD0C7343A87E}.Debug|Any CPU.ActiveCfg = Debug|Any CPU
		{EFB1BAD3-B636-4600-A7FA-AD0C7343A87E}.Debug|Any CPU.Build.0 = Debug|Any CPU
		{EFB1BAD3-B636-4600-A7FA-AD0C7343A87E}.Debug|x64.ActiveCfg = Debug|Any CPU
		{EFB1BAD3-B636-4600-A7FA-AD0C7343A87E}.Debug|x64.Build.0 = Debug|Any CPU
		{EFB1BAD3-B636-4600-A7FA-AD0C7343A87E}.Debug|x86.ActiveCfg = Debug|Any CPU
		{EFB1BAD3-B636-4600-A7FA-AD0C7343A87E}.Debug|x86.Build.0 = Debug|Any CPU
		{EFB1BAD3-B636-4600-A7FA-AD0C7343A87E}.Release|Any CPU.ActiveCfg = Release|Any CPU
		{EFB1BAD3-B636-4600-A7FA-AD0C7343A87E}.Release|Any CPU.Build.0 = Release|Any CPU
		{EFB1BAD3-B636-4600-A7FA-AD0C7343A87E}.Release|x64.ActiveCfg = Release|Any CPU
		{EFB1BAD3-B636-4600-A7FA-AD0C7343A87E}.Release|x64.Build.0 = Release|Any CPU
		{EFB1BAD3-B636-4600-A7FA-AD0C7343A87E}.Release|x86.ActiveCfg = Release|Any CPU
		{EFB1BAD3-B636-4600-A7FA-AD0C7343A87E}.Release|x86.Build.0 = Release|Any CPU
		{C527970B-A0CA-4DDA-90E6-CE2EAB4F3D48}.Debug|Any CPU.ActiveCfg = Debug|Any CPU
		{C527970B-A0CA-4DDA-90E6-CE2EAB4F3D48}.Debug|Any CPU.Build.0 = Debug|Any CPU
		{C527970B-A0CA-4DDA-90E6-CE2EAB4F3D48}.Debug|x64.ActiveCfg = Debug|Any CPU
		{C527970B-A0CA-4DDA-90E6-CE2EAB4F3D48}.Debug|x64.Build.0 = Debug|Any CPU
		{C527970B-A0CA-4DDA-90E6-CE2EAB4F3D48}.Debug|x86.ActiveCfg = Debug|Any CPU
		{C527970B-A0CA-4DDA-90E6-CE2EAB4F3D48}.Debug|x86.Build.0 = Debug|Any CPU
		{C527970B-A0CA-4DDA-90E6-CE2EAB4F3D48}.Release|Any CPU.ActiveCfg = Release|Any CPU
		{C527970B-A0CA-4DDA-90E6-CE2EAB4F3D48}.Release|Any CPU.Build.0 = Release|Any CPU
		{C527970B-A0CA-4DDA-90E6-CE2EAB4F3D48}.Release|x64.ActiveCfg = Release|Any CPU
		{C527970B-A0CA-4DDA-90E6-CE2EAB4F3D48}.Release|x64.Build.0 = Release|Any CPU
		{C527970B-A0CA-4DDA-90E6-CE2EAB4F3D48}.Release|x86.ActiveCfg = Release|Any CPU
		{C527970B-A0CA-4DDA-90E6-CE2EAB4F3D48}.Release|x86.Build.0 = Release|Any CPU
	EndGlobalSection
	GlobalSection(SolutionProperties) = preSolution
		HideSolutionNode = FALSE
	EndGlobalSection
	GlobalSection(NestedProjects) = preSolution
		{3C755975-A7BD-44BC-C8F9-5B13F14529BF} = {1AE8ACA6-933B-BF2A-3671-3E2EAC007D16}
		{B9D12523-5363-43C9-9AAA-41027FE08EA1} = {3C755975-A7BD-44BC-C8F9-5B13F14529BF}
		{A1CCC156-0EC4-46FA-B8DB-9C08ECE3C106} = {3C755975-A7BD-44BC-C8F9-5B13F14529BF}
		{D2FC5444-BEBD-4368-84D3-7F6AE5BEE598} = {3C755975-A7BD-44BC-C8F9-5B13F14529BF}
		{EFB1BAD3-B636-4600-A7FA-AD0C7343A87E} = {3C755975-A7BD-44BC-C8F9-5B13F14529BF}
		{B9B6650B-7025-C9C0-BCFD-BDEDF1640D80} = {1AE8ACA6-933B-BF2A-3671-3E2EAC007D16}
		{C527970B-A0CA-4DDA-90E6-CE2EAB4F3D48} = {B9B6650B-7025-C9C0-BCFD-BDEDF1640D80}
	EndGlobalSection
EndGlobal
