
Microsoft Visual Studio Solution File, Format Version 12.00
# Visual Studio Version 18
VisualStudioVersion = 18.9.12112.369
MinimumVisualStudioVersion = 10.0.40219.1
Project("{FAE04EC0-301F-11D3-BF4B-00C04F79EFBC}") = "OrderForge.Gateway", "src\backend\OrderForge.Gateway\OrderForge.Gateway.csproj", "{6BE56A59-41F9-49A4-A5FE-965D0E78AD93}"
EndProject
Project("{FAE04EC0-301F-11D3-BF4B-00C04F79EFBC}") = "OrderForge.Inventory", "src\backend\OrderForge.Inventory\OrderForge.Inventory.csproj", "{13BD6F58-FFD8-5DB2-1531-96615EFF8A7C}"
EndProject
Project("{FAE04EC0-301F-11D3-BF4B-00C04F79EFBC}") = "OrderForge.Orders", "src\backend\OrderForge.Orders\OrderForge.Orders.csproj", "{3FEBAE36-BDC1-8001-ECE3-BA37E34DAA49}"
EndProject
Project("{FAE04EC0-301F-11D3-BF4B-00C04F79EFBC}") = "OrderForge.Payments", "src\backend\OrderForge.Payments\OrderForge.Payments.csproj", "{C87F8351-EF1E-430A-75B5-E827AAA9D268}"
EndProject
Project("{FAE04EC0-301F-11D3-BF4B-00C04F79EFBC}") = "OrderForge.Contracts", "src\backend\OrderForge.Contracts\OrderForge.Contracts.csproj", "{CD73392E-C22D-4F7E-D95B-DC29D6A7D2CD}"
EndProject
Project("{2150E333-8FDC-42A3-9474-1A3956D46DE8}") = "Solution Items", "Solution Items", "{08F720C7-FCD3-4949-8FC4-4CF148810395}"
	ProjectSection(SolutionItems) = preProject
		.env = .env
		compose.yaml = compose.yaml
		Directory.Packages.props = Directory.Packages.props
		dotnet-tools.json = dotnet-tools.json
		kafka-init.ps1 = kafka-init.ps1
	EndProjectSection
EndProject
Global
	GlobalSection(SolutionConfigurationPlatforms) = preSolution
		Debug|Any CPU = Debug|Any CPU
		Release|Any CPU = Release|Any CPU
	EndGlobalSection
	GlobalSection(ProjectConfigurationPlatforms) = postSolution
		{6BE56A59-41F9-49A4-A5FE-965D0E78AD93}.Debug|Any CPU.ActiveCfg = Debug|Any CPU
		{6BE56A59-41F9-49A4-A5FE-965D0E78AD93}.Debug|Any CPU.Build.0 = Debug|Any CPU
		{6BE56A59-41F9-49A4-A5FE-965D0E78AD93}.Release|Any CPU.ActiveCfg = Release|Any CPU
		{6BE56A59-41F9-49A4-A5FE-965D0E78AD93}.Release|Any CPU.Build.0 = Release|Any CPU
		{13BD6F58-FFD8-5DB2-1531-96615EFF8A7C}.Debug|Any CPU.ActiveCfg = Debug|Any CPU
		{13BD6F58-FFD8-5DB2-1531-96615EFF8A7C}.Debug|Any CPU.Build.0 = Debug|Any CPU
		{13BD6F58-FFD8-5DB2-1531-96615EFF8A7C}.Release|Any CPU.ActiveCfg = Release|Any CPU
		{13BD6F58-FFD8-5DB2-1531-96615EFF8A7C}.Release|Any CPU.Build.0 = Release|Any CPU
		{3FEBAE36-BDC1-8001-ECE3-BA37E34DAA49}.Debug|Any CPU.ActiveCfg = Debug|Any CPU
		{3FEBAE36-BDC1-8001-ECE3-BA37E34DAA49}.Debug|Any CPU.Build.0 = Debug|Any CPU
		{3FEBAE36-BDC1-8001-ECE3-BA37E34DAA49}.Release|Any CPU.ActiveCfg = Release|Any CPU
		{3FEBAE36-BDC1-8001-ECE3-BA37E34DAA49}.Release|Any CPU.Build.0 = Release|Any CPU
		{C87F8351-EF1E-430A-75B5-E827AAA9D268}.Debug|Any CPU.ActiveCfg = Debug|Any CPU
		{C87F8351-EF1E-430A-75B5-E827AAA9D268}.Debug|Any CPU.Build.0 = Debug|Any CPU
		{C87F8351-EF1E-430A-75B5-E827AAA9D268}.Release|Any CPU.ActiveCfg = Release|Any CPU
		{C87F8351-EF1E-430A-75B5-E827AAA9D268}.Release|Any CPU.Build.0 = Release|Any CPU
		{CD73392E-C22D-4F7E-D95B-DC29D6A7D2CD}.Debug|Any CPU.ActiveCfg = Debug|Any CPU
		{CD73392E-C22D-4F7E-D95B-DC29D6A7D2CD}.Debug|Any CPU.Build.0 = Debug|Any CPU
		{CD73392E-C22D-4F7E-D95B-DC29D6A7D2CD}.Release|Any CPU.ActiveCfg = Release|Any CPU
		{CD73392E-C22D-4F7E-D95B-DC29D6A7D2CD}.Release|Any CPU.Build.0 = Release|Any CPU
	EndGlobalSection
	GlobalSection(SolutionProperties) = preSolution
		HideSolutionNode = FALSE
	EndGlobalSection
	GlobalSection(ExtensibilityGlobals) = postSolution
		SolutionGuid = {4D2E5363-C3D9-49AD-996B-4BD75428D3F6}
	EndGlobalSection
EndGlobal
